
Microsoft Visual Studio Solution File, Format Version 12.00
# Visual Studio 15
VisualStudioVersion = 15.0.26730.8
MinimumVisualStudioVersion = 10.0.40219.1
Project("{FAE04EC0-301F-11D3-BF4B-00C04F79EFBC}") = "ssms", "ssms\ssms.csproj", "{4306DC21-AB3C-468B-88DD-EA58862D708A}"
EndProject
Global
	GlobalSection(SolutionConfigurationPlatforms) = preSolution
		Debug|Any CPU = Debug|Any CPU
		Release|Any CPU = Release|Any CPU
	EndGlobalSection
	GlobalSection(ProjectConfigurationPlatforms) = postSolution
		{4306DC21-AB3C-468B-88DD-EA58862D708A}.Debug|Any CPU.ActiveCfg = Debug|Any CPU
		{4306DC21-AB3C-468B-88DD-EA58862D708A}.Debug|Any CPU.Build.0 = Debug|Any CPU
		{4306DC21-AB3C-468B-88DD-EA58862D708A}.Release|Any CPU.ActiveCfg = Release|Any CPU
		{4306DC21-AB3C-468B-88DD-EA58862D708A}.Release|Any CPU.Build.0 = Release|Any CPU
	EndGlobalSection
	GlobalSection(SolutionProperties) = preSolution
		HideSolutionNode = FALSE
	EndGlobalSection
	GlobalSection(ExtensibilityGlobals) = postSolution
		SolutionGuid = {A8B5D762-45D9-4E89-AE4D-8283D0B02A5D}
	EndGlobalSection
EndGlobal
